
Microsoft Visual Studio Solution File, Format Version 12.00
Project("{FAE04EC0-301F-11D3-BF4B-00C04F79EFBC}") = "ClassLibraryLab10", "ClassLibraryLab10\ClassLibraryLab10.csproj", "{C583685B-393A-4C10-A21C-60BB19612CA8}"
	ProjectSection(ProjectDependencies) = postProject
		{C438F2C4-F237-4DC9-ACF8-0A9D6DC40659} = {C438F2C4-F237-4DC9-ACF8-0A9D6DC40659}
	EndProjectSection
EndProject
Project("{FAE04EC0-301F-11D3-BF4B-00C04F79EFBC}") = "CarDemo", "CarDemo\CarDemo.csproj", "{C438F2C4-F237-4DC9-ACF8-0A9D6DC40659}"
EndProject
Project("{FAE04EC0-301F-11D3-BF4B-00C04F79EFBC}") = "UnitTests", "UnitTests\UnitTests.csproj", "{254F6423-284B-4AB8-ADE9-1EBC31E2B4E0}"
EndProject
Global
	GlobalSection(SolutionConfigurationPlatforms) = preSolution
		Debug|Any CPU = Debug|Any CPU
		Release|Any CPU = Release|Any CPU
	EndGlobalSection
	GlobalSection(ProjectConfigurationPlatforms) = postSolution
		{C583685B-393A-4C10-A21C-60BB19612CA8}.Debug|Any CPU.ActiveCfg = Debug|Any CPU
		{C583685B-393A-4C10-A21C-60BB19612CA8}.Debug|Any CPU.Build.0 = Debug|Any CPU
		{C583685B-393A-4C10-A21C-60BB19612CA8}.Release|Any CPU.ActiveCfg = Release|Any CPU
		{C583685B-393A-4C10-A21C-60BB19612CA8}.Release|Any CPU.Build.0 = Release|Any CPU
		{C438F2C4-F237-4DC9-ACF8-0A9D6DC40659}.Debug|Any CPU.ActiveCfg = Debug|Any CPU
		{C438F2C4-F237-4DC9-ACF8-0A9D6DC40659}.Debug|Any CPU.Build.0 = Debug|Any CPU
		{C438F2C4-F237-4DC9-ACF8-0A9D6DC40659}.Release|Any CPU.ActiveCfg = Release|Any CPU
		{C438F2C4-F237-4DC9-ACF8-0A9D6DC40659}.Release|Any CPU.Build.0 = Release|Any CPU
		{254F6423-284B-4AB8-ADE9-1EBC31E2B4E0}.Debug|Any CPU.ActiveCfg = Debug|Any CPU
		{254F6423-284B-4AB8-ADE9-1EBC31E2B4E0}.Debug|Any CPU.Build.0 = Debug|Any CPU
		{254F6423-284B-4AB8-ADE9-1EBC31E2B4E0}.Release|Any CPU.ActiveCfg = Release|Any CPU
		{254F6423-284B-4AB8-ADE9-1EBC31E2B4E0}.Release|Any CPU.Build.0 = Release|Any CPU
	EndGlobalSection
EndGlobal
